
Microsoft Visual Studio Solution File, Format Version 12.00
# Visual Studio Version 16
VisualStudioVersion = 16.0.31019.35
MinimumVisualStudioVersion = 10.0.40219.1
Project("{FAE04EC0-301F-11D3-BF4B-00C04F79EFBC}") = "NetSolutionWeb", "NetSolutionWeb\NetSolutionWeb.csproj", "{51E316B2-F55A-4D33-B227-B5CC3F08D972}"
EndProject
Global
	GlobalSection(SolutionConfigurationPlatforms) = preSolution
		Debug|Any CPU = Debug|Any CPU
		Release|Any CPU = Release|Any CPU
	EndGlobalSection
	GlobalSection(ProjectConfigurationPlatforms) = postSolution
		{51E316B2-F55A-4D33-B227-B5CC3F08D972}.Debug|Any CPU.ActiveCfg = Debug|Any CPU
		{51E316B2-F55A-4D33-B227-B5CC3F08D972}.Debug|Any CPU.Build.0 = Debug|Any CPU
		{51E316B2-F55A-4D33-B227-B5CC3F08D972}.Release|Any CPU.ActiveCfg = Release|Any CPU
		{51E316B2-F55A-4D33-B227-B5CC3F08D972}.Release|Any CPU.Build.0 = Release|Any CPU
	EndGlobalSection
	GlobalSection(SolutionProperties) = preSolution
		HideSolutionNode = FALSE
	EndGlobalSection
	GlobalSection(ExtensibilityGlobals) = postSolution
		SolutionGuid = {FEB0E671-334C-4518-9532-D2659B7BFF13}
	EndGlobalSection
EndGlobal
